
Microsoft Visual Studio Solution File, Format Version 12.00
# Visual Studio 14
VisualStudioVersion = 14.0.25123.0
MinimumVisualStudioVersion = 10.0.40219.1
Project("{FAE04EC0-301F-11D3-BF4B-00C04F79EFBC}") = "Domain", "Domain\Domain.csproj", "{23D2DD2D-F091-4B7E-B5CD-CE8A378933FE}"
EndProject
Project("{2150E333-8FDC-42A3-9474-1A3956D46DE8}") = "Tests", "Tests", "{955D9187-209F-421A-8FAB-2947D948271C}"
EndProject
Project("{FAE04EC0-301F-11D3-BF4B-00C04F79EFBC}") = "DomainTests", "Tests\DomainTests\DomainTests.csproj", "{F5EED36E-D0BA-4CF2-A924-EDE579711F28}"
EndProject
Project("{FAE04EC0-301F-11D3-BF4B-00C04F79EFBC}") = "Wpf", "Wpf\Wpf.csproj", "{910063B6-6C58-4759-9F68-551AD57532B7}"
EndProject
Project("{FAE04EC0-301F-11D3-BF4B-00C04F79EFBC}") = "WpfTests", "Tests\WpfTests\WpfTests.csproj", "{155AA70B-2D76-41ED-8344-58745ACF9F04}"
EndProject
Global
	GlobalSection(SolutionConfigurationPlatforms) = preSolution
		Debug|Any CPU = Debug|Any CPU
		Release|Any CPU = Release|Any CPU
	EndGlobalSection
	GlobalSection(ProjectConfigurationPlatforms) = postSolution
		{23D2DD2D-F091-4B7E-B5CD-CE8A378933FE}.Debug|Any CPU.ActiveCfg = Debug|Any CPU
		{23D2DD2D-F091-4B7E-B5CD-CE8A378933FE}.Debug|Any CPU.Build.0 = Debug|Any CPU
		{23D2DD2D-F091-4B7E-B5CD-CE8A378933FE}.Release|Any CPU.ActiveCfg = Release|Any CPU
		{23D2DD2D-F091-4B7E-B5CD-CE8A378933FE}.Release|Any CPU.Build.0 = Release|Any CPU
		{F5EED36E-D0BA-4CF2-A924-EDE579711F28}.Debug|Any CPU.ActiveCfg = Debug|Any CPU
		{F5EED36E-D0BA-4CF2-A924-EDE579711F28}.Debug|Any CPU.Build.0 = Debug|Any CPU
		{F5EED36E-D0BA-4CF2-A924-EDE579711F28}.Release|Any CPU.ActiveCfg = Release|Any CPU
		{F5EED36E-D0BA-4CF2-A924-EDE579711F28}.Release|Any CPU.Build.0 = Release|Any CPU
		{910063B6-6C58-4759-9F68-551AD57532B7}.Debug|Any CPU.ActiveCfg = Debug|Any CPU
		{910063B6-6C58-4759-9F68-551AD57532B7}.Debug|Any CPU.Build.0 = Debug|Any CPU
		{910063B6-6C58-4759-9F68-551AD57532B7}.Release|Any CPU.ActiveCfg = Release|Any CPU
		{910063B6-6C58-4759-9F68-551AD57532B7}.Release|Any CPU.Build.0 = Release|Any CPU
		{155AA70B-2D76-41ED-8344-58745ACF9F04}.Debug|Any CPU.ActiveCfg = Debug|Any CPU
		{155AA70B-2D76-41ED-8344-58745ACF9F04}.Debug|Any CPU.Build.0 = Debug|Any CPU
		{155AA70B-2D76-41ED-8344-58745ACF9F04}.Release|Any CPU.ActiveCfg = Release|Any CPU
		{155AA70B-2D76-41ED-8344-58745ACF9F04}.Release|Any CPU.Build.0 = Release|Any CPU
	EndGlobalSection
	GlobalSection(SolutionProperties) = preSolution
		HideSolutionNode = FALSE
	EndGlobalSection
	GlobalSection(NestedProjects) = preSolution
		{F5EED36E-D0BA-4CF2-A924-EDE579711F28} = {955D9187-209F-421A-8FAB-2947D948271C}
		{155AA70B-2D76-41ED-8344-58745ACF9F04} = {955D9187-209F-421A-8FAB-2947D948271C}
	EndGlobalSection
EndGlobal
